// !$*UTF8*$!
{
	archiveVersion = 1;
	classes = {
	};
	objectVersion = 51;
	objects = {

/* Begin PBXBuildFile section */
		494969CA262C44AD002E6F42 /* GoogleService-Info.plist in Resources */ = {isa = PBXBuildFile; fileRef = 494969C9262C44AD002E6F42 /* GoogleService-Info.plist */; };
		4973AAE3261F51D80074C9CD /* User.swift in Sources */ = {isa = PBXBuildFile; fileRef = 4973AAE2261F51D80074C9CD /* User.swift */; };
		4973AAE6261F51E50074C9CD /* Post.swift in Sources */ = {isa = PBXBuildFile; fileRef = 4973AAE5261F51E50074C9CD /* Post.swift */; };
		4973AAE9261F51F90074C9CD /* PostLocation.swift in Sources */ = {isa = PBXBuildFile; fileRef = 4973AAE8261F51F90074C9CD /* PostLocation.swift */; };
		4973AAEE261F52130074C9CD /* RegisterRequest.swift in Sources */ = {isa = PBXBuildFile; fileRef = 4973AAED261F52130074C9CD /* RegisterRequest.swift */; };
		4973AAF1261F521D0074C9CD /* PostRequest.swift in Sources */ = {isa = PBXBuildFile; fileRef = 4973AAF0261F521D0074C9CD /* PostRequest.swift */; };
		4973AAF4261F52290074C9CD /* PostLocationRequest.swift in Sources */ = {isa = PBXBuildFile; fileRef = 4973AAF3261F52290074C9CD /* PostLocationRequest.swift */; };
		4973AAF7261F52340074C9CD /* LoginRequest.swift in Sources */ = {isa = PBXBuildFile; fileRef = 4973AAF6261F52340074C9CD /* LoginRequest.swift */; };
		4973AAFA261F52400074C9CD /* LoginResponse.swift in Sources */ = {isa = PBXBuildFile; fileRef = 4973AAF9261F52400074C9CD /* LoginResponse.swift */; };
		4973AAFD261F52470074C9CD /* ErrorResponse.swift in Sources */ = {isa = PBXBuildFile; fileRef = 4973AAFC261F52470074C9CD /* ErrorResponse.swift */; };
		4973AB00261F52510074C9CD /* GeneralResponse.swift in Sources */ = {isa = PBXBuildFile; fileRef = 4973AAFF261F52510074C9CD /* GeneralResponse.swift */; };
		4973AB07261F54380074C9CD /* EndPoints.swift in Sources */ = {isa = PBXBuildFile; fileRef = 4973AB06261F54380074C9CD /* EndPoints.swift */; };
		4973AB0A261F5F040074C9CD /* HomeViewController.swift in Sources */ = {isa = PBXBuildFile; fileRef = 4973AB09261F5F040074C9CD /* HomeViewController.swift */; };
		4973AB0F261F60000074C9CD /* TweetTableViewCell.swift in Sources */ = {isa = PBXBuildFile; fileRef = 4973AB0D261F60000074C9CD /* TweetTableViewCell.swift */; };
		4973AB10261F60000074C9CD /* TweetTableViewCell.xib in Resources */ = {isa = PBXBuildFile; fileRef = 4973AB0E261F60000074C9CD /* TweetTableViewCell.xib */; };
		4973AB13261F8F670074C9CD /* AddPostViewController.swift in Sources */ = {isa = PBXBuildFile; fileRef = 4973AB12261F8F660074C9CD /* AddPostViewController.swift */; };
		49DBE06B261E02E7001210DC /* Welcome.storyboard in Resources */ = {isa = PBXBuildFile; fileRef = 49DBE06A261E02E7001210DC /* Welcome.storyboard */; };
		49DBE06F261E09F3001210DC /* WelcomeViewController.swift in Sources */ = {isa = PBXBuildFile; fileRef = 49DBE06E261E09F3001210DC /* WelcomeViewController.swift */; };
		49DBE072261E0A01001210DC /* LoginViewController.swift in Sources */ = {isa = PBXBuildFile; fileRef = 49DBE071261E0A01001210DC /* LoginViewController.swift */; };
		49DBE075261E0A14001210DC /* RegisterViewController.swift in Sources */ = {isa = PBXBuildFile; fileRef = 49DBE074261E0A14001210DC /* RegisterViewController.swift */; };
		49DBE079261E1039001210DC /* Home.storyboard in Resources */ = {isa = PBXBuildFile; fileRef = 49DBE078261E1039001210DC /* Home.storyboard */; };
		49FF15A7261DFF6800AB1B9C /* AppDelegate.swift in Sources */ = {isa = PBXBuildFile; fileRef = 49FF15A6261DFF6800AB1B9C /* AppDelegate.swift */; };
		49FF15AB261DFF6800AB1B9C /* ViewController.swift in Sources */ = {isa = PBXBuildFile; fileRef = 49FF15AA261DFF6800AB1B9C /* ViewController.swift */; };
		49FF15B0261DFF6900AB1B9C /* Assets.xcassets in Resources */ = {isa = PBXBuildFile; fileRef = 49FF15AF261DFF6900AB1B9C /* Assets.xcassets */; };
		49FF15B3261DFF6900AB1B9C /* LaunchScreen.storyboard in Resources */ = {isa = PBXBuildFile; fileRef = 49FF15B1261DFF6900AB1B9C /* LaunchScreen.storyboard */; };
		90EE1A166C93327CE6372829 /* Pods_Tweets.framework in Frameworks */ = {isa = PBXBuildFile; fileRef = 93EFD39C900549B16008306A /* Pods_Tweets.framework */; };
/* End PBXBuildFile section */

/* Begin PBXFileReference section */
		11219A1E657F0A55B8FA9C87 /* Pods-Tweets.debug.xcconfig */ = {isa = PBXFileReference; includeInIndex = 1; lastKnownFileType = text.xcconfig; name = "Pods-Tweets.debug.xcconfig"; path = "Target Support Files/Pods-Tweets/Pods-Tweets.debug.xcconfig"; sourceTree = "<group>"; };
		32ABF3B939FFC8812BACD78D /* Pods-Tweets.release.xcconfig */ = {isa = PBXFileReference; includeInIndex = 1; lastKnownFileType = text.xcconfig; name = "Pods-Tweets.release.xcconfig"; path = "Target Support Files/Pods-Tweets/Pods-Tweets.release.xcconfig"; sourceTree = "<group>"; };
		494969C9262C44AD002E6F42 /* GoogleService-Info.plist */ = {isa = PBXFileReference; fileEncoding = 4; lastKnownFileType = text.plist.xml; name = "GoogleService-Info.plist"; path = "../../GoogleService-Info.plist"; sourceTree = "<group>"; };
		4973AAE2261F51D80074C9CD /* User.swift */ = {isa = PBXFileReference; lastKnownFileType = sourcecode.swift; path = User.swift; sourceTree = "<group>"; };
		4973AAE5261F51E50074C9CD /* Post.swift */ = {isa = PBXFileReference; lastKnownFileType = sourcecode.swift; path = Post.swift; sourceTree = "<group>"; };
		4973AAE8261F51F90074C9CD /* PostLocation.swift */ = {isa = PBXFileReference; lastKnownFileType = sourcecode.swift; path = PostLocation.swift; sourceTree = "<group>"; };
		4973AAED261F52130074C9CD /* RegisterRequest.swift */ = {isa = PBXFileReference; lastKnownFileType = sourcecode.swift; path = RegisterRequest.swift; sourceTree = "<group>"; };
		4973AAF0261F521D0074C9CD /* PostRequest.swift */ = {isa = PBXFileReference; lastKnownFileType = sourcecode.swift; path = PostRequest.swift; sourceTree = "<group>"; };
		4973AAF3261F52290074C9CD /* PostLocationRequest.swift */ = {isa = PBXFileReference; lastKnownFileType = sourcecode.swift; path = PostLocationRequest.swift; sourceTree = "<group>"; };
		4973AAF6261F52340074C9CD /* LoginRequest.swift */ = {isa = PBXFileReference; lastKnownFileType = sourcecode.swift; path = LoginRequest.swift; sourceTree = "<group>"; };
		4973AAF9261F52400074C9CD /* LoginResponse.swift */ = {isa = PBXFileReference; lastKnownFileType = sourcecode.swift; path = LoginResponse.swift; sourceTree = "<group>"; };
		4973AAFC261F52470074C9CD /* ErrorResponse.swift */ = {isa = PBXFileReference; lastKnownFileType = sourcecode.swift; path = ErrorResponse.swift; sourceTree = "<group>"; };
		4973AAFF261F52510074C9CD /* GeneralResponse.swift */ = {isa = PBXFileReference; lastKnownFileType = sourcecode.swift; path = GeneralResponse.swift; sourceTree = "<group>"; };
		4973AB06261F54380074C9CD /* EndPoints.swift */ = {isa = PBXFileReference; lastKnownFileType = sourcecode.swift; path = EndPoints.swift; sourceTree = "<group>"; };
		4973AB09261F5F040074C9CD /* HomeViewController.swift */ = {isa = PBXFileReference; lastKnownFileType = sourcecode.swift; path = HomeViewController.swift; sourceTree = "<group>"; };
		4973AB0D261F60000074C9CD /* TweetTableViewCell.swift */ = {isa = PBXFileReference; lastKnownFileType = sourcecode.swift; path = TweetTableViewCell.swift; sourceTree = "<group>"; };
		4973AB0E261F60000074C9CD /* TweetTableViewCell.xib */ = {isa = PBXFileReference; lastKnownFileType = file.xib; path = TweetTableViewCell.xib; sourceTree = "<group>"; };
		4973AB12261F8F660074C9CD /* AddPostViewController.swift */ = {isa = PBXFileReference; lastKnownFileType = sourcecode.swift; path = AddPostViewController.swift; sourceTree = "<group>"; };
		49DBE06A261E02E7001210DC /* Welcome.storyboard */ = {isa = PBXFileReference; lastKnownFileType = file.storyboard; path = Welcome.storyboard; sourceTree = "<group>"; };
		49DBE06E261E09F3001210DC /* WelcomeViewController.swift */ = {isa = PBXFileReference; lastKnownFileType = sourcecode.swift; path = WelcomeViewController.swift; sourceTree = "<group>"; };
		49DBE071261E0A01001210DC /* LoginViewController.swift */ = {isa = PBXFileReference; lastKnownFileType = sourcecode.swift; path = LoginViewController.swift; sourceTree = "<group>"; };
		49DBE074261E0A14001210DC /* RegisterViewController.swift */ = {isa = PBXFileReference; lastKnownFileType = sourcecode.swift; path = RegisterViewController.swift; sourceTree = "<group>"; };
		49DBE078261E1039001210DC /* Home.storyboard */ = {isa = PBXFileReference; lastKnownFileType = file.storyboard; path = Home.storyboard; sourceTree = "<group>"; };
		49FF15A3261DFF6800AB1B9C /* Tweets.app */ = {isa = PBXFileReference; explicitFileType = wrapper.application; includeInIndex = 0; path = Tweets.app; sourceTree = BUILT_PRODUCTS_DIR; };
		49FF15A6261DFF6800AB1B9C /* AppDelegate.swift */ = {isa = PBXFileReference; lastKnownFileType = sourcecode.swift; path = AppDelegate.swift; sourceTree = "<group>"; };
		49FF15AA261DFF6800AB1B9C /* ViewController.swift */ = {isa = PBXFileReference; lastKnownFileType = sourcecode.swift; path = ViewController.swift; sourceTree = "<group>"; };
		49FF15AF261DFF6900AB1B9C /* Assets.xcassets */ = {isa = PBXFileReference; lastKnownFileType = folder.assetcatalog; path = Assets.xcassets; sourceTree = "<group>"; };
		49FF15B2261DFF6900AB1B9C /* Base */ = {isa = PBXFileReference; lastKnownFileType = file.storyboard; name = Base; path = Base.lproj/LaunchScreen.storyboard; sourceTree = "<group>"; };
		49FF15B4261DFF6900AB1B9C /* Info.plist */ = {isa = PBXFileReference; lastKnownFileType = text.plist.xml; path = Info.plist; sourceTree = "<group>"; };
		93EFD39C900549B16008306A /* Pods_Tweets.framework */ = {isa = PBXFileReference; explicitFileType = wrapper.framework; includeInIndex = 0; path = Pods_Tweets.framework; sourceTree = BUILT_PRODUCTS_DIR; };
/* End PBXFileReference section */

/* Begin PBXFrameworksBuildPhase section */
		49FF15A0261DFF6800AB1B9C /* Frameworks */ = {
			isa = PBXFrameworksBuildPhase;
			buildActionMask = 2147483647;
			files = (
				90EE1A166C93327CE6372829 /* Pods_Tweets.framework in Frameworks */,
			);
			runOnlyForDeploymentPostprocessing = 0;
		};
/* End PBXFrameworksBuildPhase section */

/* Begin PBXGroup section */
		2E3EDDD707D0528A986639B7 /* Frameworks */ = {
			isa = PBXGroup;
			children = (
				93EFD39C900549B16008306A /* Pods_Tweets.framework */,
			);
			name = Frameworks;
			sourceTree = "<group>";
		};
		4973AAE1261F51940074C9CD /* Models */ = {
			isa = PBXGroup;
			children = (
				4973AAEC261F52030074C9CD /* Requests */,
				4973AAEB261F51FD0074C9CD /* Responses */,
				4973AAE2261F51D80074C9CD /* User.swift */,
				4973AAE5261F51E50074C9CD /* Post.swift */,
				4973AAE8261F51F90074C9CD /* PostLocation.swift */,
			);
			path = Models;
			sourceTree = "<group>";
		};
		4973AAEB261F51FD0074C9CD /* Responses */ = {
			isa = PBXGroup;
			children = (
				4973AAF9261F52400074C9CD /* LoginResponse.swift */,
				4973AAFC261F52470074C9CD /* ErrorResponse.swift */,
				4973AAFF261F52510074C9CD /* GeneralResponse.swift */,
			);
			path = Responses;
			sourceTree = "<group>";
		};
		4973AAEC261F52030074C9CD /* Requests */ = {
			isa = PBXGroup;
			children = (
				4973AAED261F52130074C9CD /* RegisterRequest.swift */,
				4973AAF0261F521D0074C9CD /* PostRequest.swift */,
				4973AAF3261F52290074C9CD /* PostLocationRequest.swift */,
				4973AAF6261F52340074C9CD /* LoginRequest.swift */,
			);
			path = Requests;
			sourceTree = "<group>";
		};
		4973AB0C261F5FE80074C9CD /* Cells */ = {
			isa = PBXGroup;
			children = (
				4973AB0D261F60000074C9CD /* TweetTableViewCell.swift */,
				4973AB0E261F60000074C9CD /* TweetTableViewCell.xib */,
			);
			path = Cells;
			sourceTree = "<group>";
		};
		49DBE066261E02A6001210DC /* Commons */ = {
			isa = PBXGroup;
			children = (
				4973AAE1261F51940074C9CD /* Models */,
				49FF15A6261DFF6800AB1B9C /* AppDelegate.swift */,
				49FF15AA261DFF6800AB1B9C /* ViewController.swift */,
				49FF15AF261DFF6900AB1B9C /* Assets.xcassets */,
				49FF15B1261DFF6900AB1B9C /* LaunchScreen.storyboard */,
				4973AB06261F54380074C9CD /* EndPoints.swift */,
			);
			path = Commons;
			sourceTree = "<group>";
		};
		49DBE067261E02AE001210DC /* Modules */ = {
			isa = PBXGroup;
			children = (
				49DBE077261E102D001210DC /* Home */,
				49DBE069261E02C9001210DC /* Welcome */,
			);
			path = Modules;
			sourceTree = "<group>";
		};
		49DBE069261E02C9001210DC /* Welcome */ = {
			isa = PBXGroup;
			children = (
				49DBE06A261E02E7001210DC /* Welcome.storyboard */,
				49DBE06E261E09F3001210DC /* WelcomeViewController.swift */,
				49DBE071261E0A01001210DC /* LoginViewController.swift */,
				49DBE074261E0A14001210DC /* RegisterViewController.swift */,
			);
			path = Welcome;
			sourceTree = "<group>";
		};
		49DBE077261E102D001210DC /* Home */ = {
			isa = PBXGroup;
			children = (
				4973AB0C261F5FE80074C9CD /* Cells */,
				49DBE078261E1039001210DC /* Home.storyboard */,
				4973AB09261F5F040074C9CD /* HomeViewController.swift */,
				4973AB12261F8F660074C9CD /* AddPostViewController.swift */,
			);
			path = Home;
			sourceTree = "<group>";
		};
		49FF159A261DFF6800AB1B9C = {
			isa = PBXGroup;
			children = (
				49FF15A5261DFF6800AB1B9C /* Tweets */,
				49FF15A4261DFF6800AB1B9C /* Products */,
				5F076129948F95A42F4614DA /* Pods */,
				2E3EDDD707D0528A986639B7 /* Frameworks */,
			);
			sourceTree = "<group>";
		};
		49FF15A4261DFF6800AB1B9C /* Products */ = {
			isa = PBXGroup;
			children = (
				49FF15A3261DFF6800AB1B9C /* Tweets.app */,
			);
			name = Products;
			sourceTree = "<group>";
		};
		49FF15A5261DFF6800AB1B9C /* Tweets */ = {
			isa = PBXGroup;
			children = (
				49DBE067261E02AE001210DC /* Modules */,
				49DBE066261E02A6001210DC /* Commons */,
				49FF15B4261DFF6900AB1B9C /* Info.plist */,
				494969C9262C44AD002E6F42 /* GoogleService-Info.plist */,
			);
			path = Tweets;
			sourceTree = "<group>";
		};
		5F076129948F95A42F4614DA /* Pods */ = {
			isa = PBXGroup;
			children = (
				11219A1E657F0A55B8FA9C87 /* Pods-Tweets.debug.xcconfig */,
				32ABF3B939FFC8812BACD78D /* Pods-Tweets.release.xcconfig */,
			);
			path = Pods;
			sourceTree = "<group>";
		};
/* End PBXGroup section */

/* Begin PBXNativeTarget section */
		49FF15A2261DFF6800AB1B9C /* Tweets */ = {
			isa = PBXNativeTarget;
			buildConfigurationList = 49FF15B7261DFF6900AB1B9C /* Build configuration list for PBXNativeTarget "Tweets" */;
			buildPhases = (
				DA9E87CC7300AEA91C76EAB6 /* [CP] Check Pods Manifest.lock */,
				49FF159F261DFF6800AB1B9C /* Sources */,
				49FF15A0261DFF6800AB1B9C /* Frameworks */,
				49FF15A1261DFF6800AB1B9C /* Resources */,
				6D2CD4CD2646F643E287A4B6 /* [CP] Embed Pods Frameworks */,
			);
			buildRules = (
			);
			dependencies = (
			);
			name = Tweets;
			productName = Tweets;
			productReference = 49FF15A3261DFF6800AB1B9C /* Tweets.app */;
			productType = "com.apple.product-type.application";
		};
/* End PBXNativeTarget section */

/* Begin PBXProject section */
		49FF159B261DFF6800AB1B9C /* Project object */ = {
			isa = PBXProject;
			attributes = {
				LastSwiftUpdateCheck = 1240;
				LastUpgradeCheck = 1240;
				TargetAttributes = {
					49FF15A2261DFF6800AB1B9C = {
						CreatedOnToolsVersion = 12.4;
					};
				};
			};
			buildConfigurationList = 49FF159E261DFF6800AB1B9C /* Build configuration list for PBXProject "Tweets" */;
			compatibilityVersion = "Xcode 9.3";
			developmentRegion = en;
			hasScannedForEncodings = 0;
			knownRegions = (
				en,
				Base,
			);
			mainGroup = 49FF159A261DFF6800AB1B9C;
			productRefGroup = 49FF15A4261DFF6800AB1B9C /* Products */;
			projectDirPath = "";
			projectRoot = "";
			targets = (
				49FF15A2261DFF6800AB1B9C /* Tweets */,
			);
		};
/* End PBXProject section */

/* Begin PBXResourcesBuildPhase section */
		49FF15A1261DFF6800AB1B9C /* Resources */ = {
			isa = PBXResourcesBuildPhase;
			buildActionMask = 2147483647;
			files = (
				4973AB10261F60000074C9CD /* TweetTableViewCell.xib in Resources */,
				49FF15B3261DFF6900AB1B9C /* LaunchScreen.storyboard in Resources */,
				49FF15B0261DFF6900AB1B9C /* Assets.xcassets in Resources */,
				49DBE06B261E02E7001210DC /* Welcome.storyboard in Resources */,
				49DBE079261E1039001210DC /* Home.storyboard in Resources */,
				494969CA262C44AD002E6F42 /* GoogleService-Info.plist in Resources */,
			);
			runOnlyForDeploymentPostprocessing = 0;
		};
/* End PBXResourcesBuildPhase section */

/* Begin PBXShellScriptBuildPhase section */
		6D2CD4CD2646F643E287A4B6 /* [CP] Embed Pods Frameworks */ = {
			isa = PBXShellScriptBuildPhase;
			buildActionMask = 2147483647;
			files = (
			);
			inputFileListPaths = (
				"${PODS_ROOT}/Target Support Files/Pods-Tweets/Pods-Tweets-frameworks-${CONFIGURATION}-input-files.xcfilelist",
			);
			name = "[CP] Embed Pods Frameworks";
			outputFileListPaths = (
				"${PODS_ROOT}/Target Support Files/Pods-Tweets/Pods-Tweets-frameworks-${CONFIGURATION}-output-files.xcfilelist",
			);
			runOnlyForDeploymentPostprocessing = 0;
			shellPath = /bin/sh;
			shellScript = "\"${PODS_ROOT}/Target Support Files/Pods-Tweets/Pods-Tweets-frameworks.sh\"\n";
			showEnvVarsInLog = 0;
		};
		DA9E87CC7300AEA91C76EAB6 /* [CP] Check Pods Manifest.lock */ = {
			isa = PBXShellScriptBuildPhase;
			buildActionMask = 2147483647;
			files = (
			);
			inputFileListPaths = (
			);
			inputPaths = (
				"${PODS_PODFILE_DIR_PATH}/Podfile.lock",
				"${PODS_ROOT}/Manifest.lock",
			);
			name = "[CP] Check Pods Manifest.lock";
			outputFileListPaths = (
			);
			outputPaths = (
				"$(DERIVED_FILE_DIR)/Pods-Tweets-checkManifestLockResult.txt",
			);
			runOnlyForDeploymentPostprocessing = 0;
			shellPath = /bin/sh;
			shellScript = "diff \"${PODS_PODFILE_DIR_PATH}/Podfile.lock\" \"${PODS_ROOT}/Manifest.lock\" > /dev/null\nif [ $? != 0 ] ; then\n    # print error to STDERR\n    echo \"error: The sandbox is not in sync with the Podfile.lock. Run 'pod install' or update your CocoaPods installation.\" >&2\n    exit 1\nfi\n# This output is used by Xcode 'outputs' to avoid re-running this script phase.\necho \"SUCCESS\" > \"${SCRIPT_OUTPUT_FILE_0}\"\n";
			showEnvVarsInLog = 0;
		};
/* End PBXShellScriptBuildPhase section */

/* Begin PBXSourcesBuildPhase section */
		49FF159F261DFF6800AB1B9C /* Sources */ = {
			isa = PBXSourcesBuildPhase;
			buildActionMask = 2147483647;
			files = (
				49DBE072261E0A01001210DC /* LoginViewController.swift in Sources */,
				49DBE075261E0A14001210DC /* RegisterViewController.swift in Sources */,
				4973AAF4261F52290074C9CD /* PostLocationRequest.swift in Sources */,
				4973AB13261F8F670074C9CD /* AddPostViewController.swift in Sources */,
				4973AB0A261F5F040074C9CD /* HomeViewController.swift in Sources */,
				4973AAF7261F52340074C9CD /* LoginRequest.swift in Sources */,
				4973AB00261F52510074C9CD /* GeneralResponse.swift in Sources */,
				4973AAEE261F52130074C9CD /* RegisterRequest.swift in Sources */,
				4973AAE3261F51D80074C9CD /* User.swift in Sources */,
				4973AAFA261F52400074C9CD /* LoginResponse.swift in Sources */,
				49DBE06F261E09F3001210DC /* WelcomeViewController.swift in Sources */,
				4973AAE9261F51F90074C9CD /* PostLocation.swift in Sources */,
				4973AB0F261F60000074C9CD /* TweetTableViewCell.swift in Sources */,
				49FF15AB261DFF6800AB1B9C /* ViewController.swift in Sources */,
				4973AAF1261F521D0074C9CD /* PostRequest.swift in Sources */,
				4973AAE6261F51E50074C9CD /* Post.swift in Sources */,
				49FF15A7261DFF6800AB1B9C /* AppDelegate.swift in Sources */,
				4973AB07261F54380074C9CD /* EndPoints.swift in Sources */,
				4973AAFD261F52470074C9CD /* ErrorResponse.swift in Sources */,
			);
			runOnlyForDeploymentPostprocessing = 0;
		};
/* End PBXSourcesBuildPhase section */

/* Begin PBXVariantGroup section */
		49FF15B1261DFF6900AB1B9C /* LaunchScreen.storyboard */ = {
			isa = PBXVariantGroup;
			children = (
				49FF15B2261DFF6900AB1B9C /* Base */,
			);
			name = LaunchScreen.storyboard;
			sourceTree = "<group>";
		};
/* End PBXVariantGroup section */

/* Begin XCBuildConfiguration section */
		49FF15B5261DFF6900AB1B9C /* Debug */ = {
			isa = XCBuildConfiguration;
			buildSettings = {
				ALWAYS_SEARCH_USER_PATHS = NO;
				CLANG_ANALYZER_NONNULL = YES;
				CLANG_ANALYZER_NUMBER_OBJECT_CONVERSION = YES_AGGRESSIVE;
				CLANG_CXX_LANGUAGE_STANDARD = "gnu++14";
				CLANG_CXX_LIBRARY = "libc++";
				CLANG_ENABLE_MODULES = YES;
				CLANG_ENABLE_OBJC_ARC = YES;
				CLANG_ENABLE_OBJC_WEAK = YES;
				CLANG_WARN_BLOCK_CAPTURE_AUTORELEASING = YES;
				CLANG_WARN_BOOL_CONVERSION = YES;
				CLANG_WARN_COMMA = YES;
				CLANG_WARN_CONSTANT_CONVERSION = YES;
				CLANG_WARN_DEPRECATED_OBJC_IMPLEMENTATIONS = YES;
				CLANG_WARN_DIRECT_OBJC_ISA_USAGE = YES_ERROR;
				CLANG_WARN_DOCUMENTATION_COMMENTS = YES;
				CLANG_WARN_EMPTY_BODY = YES;
				CLANG_WARN_ENUM_CONVERSION = YES;
				CLANG_WARN_INFINITE_RECURSION = YES;
				CLANG_WARN_INT_CONVERSION = YES;
				CLANG_WARN_NON_LITERAL_NULL_CONVERSION = YES;
				CLANG_WARN_OBJC_IMPLICIT_RETAIN_SELF = YES;
				CLANG_WARN_OBJC_LITERAL_CONVERSION = YES;
				CLANG_WARN_OBJC_ROOT_CLASS = YES_ERROR;
				CLANG_WARN_QUOTED_INCLUDE_IN_FRAMEWORK_HEADER = YES;
				CLANG_WARN_RANGE_LOOP_ANALYSIS = YES;
				CLANG_WARN_STRICT_PROTOTYPES = YES;
				CLANG_WARN_SUSPICIOUS_MOVE = YES;
				CLANG_WARN_UNGUARDED_AVAILABILITY = YES_AGGRESSIVE;
				CLANG_WARN_UNREACHABLE_CODE = YES;
				CLANG_WARN__DUPLICATE_METHOD_MATCH = YES;
				COPY_PHASE_STRIP = NO;
				DEBUG_INFORMATION_FORMAT = dwarf;
				ENABLE_STRICT_OBJC_MSGSEND = YES;
				ENABLE_TESTABILITY = YES;
				GCC_C_LANGUAGE_STANDARD = gnu11;
				GCC_DYNAMIC_NO_PIC = NO;
				GCC_NO_COMMON_BLOCKS = YES;
				GCC_OPTIMIZATION_LEVEL = 0;
				GCC_PREPROCESSOR_DEFINITIONS = (
					"DEBUG=1",
					"$(inherited)",
				);
				GCC_WARN_64_TO_32_BIT_CONVERSION = YES;
				GCC_WARN_ABOUT_RETURN_TYPE = YES_ERROR;
				GCC_WARN_UNDECLARED_SELECTOR = YES;
				GCC_WARN_UNINITIALIZED_AUTOS = YES_AGGRESSIVE;
				GCC_WARN_UNUSED_FUNCTION = YES;
				GCC_WARN_UNUSED_VARIABLE = YES;
				IPHONEOS_DEPLOYMENT_TARGET = 14.4;
				MTL_ENABLE_DEBUG_INFO = INCLUDE_SOURCE;
				MTL_FAST_MATH = YES;
				ONLY_ACTIVE_ARCH = YES;
				SDKROOT = iphoneos;
				SWIFT_ACTIVE_COMPILATION_CONDITIONS = DEBUG;
				SWIFT_OPTIMIZATION_LEVEL = "-Onone";
			};
			name = Debug;
		};
		49FF15B6261DFF6900AB1B9C /* Release */ = {
			isa = XCBuildConfiguration;
			buildSettings = {
				ALWAYS_SEARCH_USER_PATHS = NO;
				CLANG_ANALYZER_NONNULL = YES;
				CLANG_ANALYZER_NUMBER_OBJECT_CONVERSION = YES_AGGRESSIVE;
				CLANG_CXX_LANGUAGE_STANDARD = "gnu++14";
				CLANG_CXX_LIBRARY = "libc++";
				CLANG_ENABLE_MODULES = YES;
				CLANG_ENABLE_OBJC_ARC = YES;
				CLANG_ENABLE_OBJC_WEAK = YES;
				CLANG_WARN_BLOCK_CAPTURE_AUTORELEASING = YES;
				CLANG_WARN_BOOL_CONVERSION = YES;
				CLANG_WARN_COMMA = YES;
				CLANG_WARN_CONSTANT_CONVERSION = YES;
				CLANG_WARN_DEPRECATED_OBJC_IMPLEMENTATIONS = YES;
				CLANG_WARN_DIRECT_OBJC_ISA_USAGE = YES_ERROR;
				CLANG_WARN_DOCUMENTATION_COMMENTS = YES;
				CLANG_WARN_EMPTY_BODY = YES;
				CLANG_WARN_ENUM_CONVERSION = YES;
				CLANG_WARN_INFINITE_RECURSION = YES;
				CLANG_WARN_INT_CONVERSION = YES;
				CLANG_WARN_NON_LITERAL_NULL_CONVERSION = YES;
				CLANG_WARN_OBJC_IMPLICIT_RETAIN_SELF = YES;
				CLANG_WARN_OBJC_LITERAL_CONVERSION = YES;
				CLANG_WARN_OBJC_ROOT_CLASS = YES_ERROR;
				CLANG_WARN_QUOTED_INCLUDE_IN_FRAMEWORK_HEADER = YES;
				CLANG_WARN_RANGE_LOOP_ANALYSIS = YES;
				CLANG_WARN_STRICT_PROTOTYPES = YES;
				CLANG_WARN_SUSPICIOUS_MOVE = YES;
				CLANG_WARN_UNGUARDED_AVAILABILITY = YES_AGGRESSIVE;
				CLANG_WARN_UNREACHABLE_CODE = YES;
				CLANG_WARN__DUPLICATE_METHOD_MATCH = YES;
				COPY_PHASE_STRIP = NO;
				DEBUG_INFORMATION_FORMAT = "dwarf-with-dsym";
				ENABLE_NS_ASSERTIONS = NO;
				ENABLE_STRICT_OBJC_MSGSEND = YES;
				GCC_C_LANGUAGE_STANDARD = gnu11;
				GCC_NO_COMMON_BLOCKS = YES;
				GCC_WARN_64_TO_32_BIT_CONVERSION = YES;
				GCC_WARN_ABOUT_RETURN_TYPE = YES_ERROR;
				GCC_WARN_UNDECLARED_SELECTOR = YES;
				GCC_WARN_UNINITIALIZED_AUTOS = YES_AGGRESSIVE;
				GCC_WARN_UNUSED_FUNCTION = YES;
				GCC_WARN_UNUSED_VARIABLE = YES;
				IPHONEOS_DEPLOYMENT_TARGET = 14.4;
				MTL_ENABLE_DEBUG_INFO = NO;
				MTL_FAST_MATH = YES;
				SDKROOT = iphoneos;
				SWIFT_COMPILATION_MODE = wholemodule;
				SWIFT_OPTIMIZATION_LEVEL = "-O";
				VALIDATE_PRODUCT = YES;
			};
			name = Release;
		};
		49FF15B8261DFF6900AB1B9C /* Debug */ = {
			isa = XCBuildConfiguration;
			baseConfigurationReference = 11219A1E657F0A55B8FA9C87 /* Pods-Tweets.debug.xcconfig */;
			buildSettings = {
				ASSETCATALOG_COMPILER_APPICON_NAME = AppIcon;
				ASSETCATALOG_COMPILER_GLOBAL_ACCENT_COLOR_NAME = AccentColor;
				CODE_SIGN_STYLE = Automatic;
				DEVELOPMENT_TEAM = 84G4WL4DWX;
				INFOPLIST_FILE = Tweets/Info.plist;
				IPHONEOS_DEPLOYMENT_TARGET = 10.2;
				LD_RUNPATH_SEARCH_PATHS = (
					"$(inherited)",
					"@executable_path/Frameworks",
				);
				PRODUCT_BUNDLE_IDENTIFIER = com.minimalDev.Tweets;
				PRODUCT_NAME = "$(TARGET_NAME)";
				SWIFT_VERSION = 5.0;
				TARGETED_DEVICE_FAMILY = 1;
			};
			name = Debug;
		};
		49FF15B9261DFF6900AB1B9C /* Release */ = {
			isa = XCBuildConfiguration;
			baseConfigurationReference = 32ABF3B939FFC8812BACD78D /* Pods-Tweets.release.xcconfig */;
			buildSettings = {
				ASSETCATALOG_COMPILER_APPICON_NAME = AppIcon;
				ASSETCATALOG_COMPILER_GLOBAL_ACCENT_COLOR_NAME = AccentColor;
				CODE_SIGN_STYLE = Automatic;
				DEVELOPMENT_TEAM = 84G4WL4DWX;
				INFOPLIST_FILE = Tweets/Info.plist;
				IPHONEOS_DEPLOYMENT_TARGET = 10.2;
				LD_RUNPATH_SEARCH_PATHS = (
					"$(inherited)",
					"@executable_path/Frameworks",
				);
				PRODUCT_BUNDLE_IDENTIFIER = com.minimalDev.Tweets;
				PRODUCT_NAME = "$(TARGET_NAME)";
				SWIFT_VERSION = 5.0;
				TARGETED_DEVICE_FAMILY = 1;
			};
			name = Release;
		};
/* End XCBuildConfiguration section */

/* Begin XCConfigurationList section */
		49FF159E261DFF6800AB1B9C /* Build configuration list for PBXProject "Tweets" */ = {
			isa = XCConfigurationList;
			buildConfigurations = (
				49FF15B5261DFF6900AB1B9C /* Debug */,
				49FF15B6261DFF6900AB1B9C /* Release */,
			);
			defaultConfigurationIsVisible = 0;
			defaultConfigurationName = Release;
		};
		49FF15B7261DFF6900AB1B9C /* Build configuration list for PBXNativeTarget "Tweets" */ = {
			isa = XCConfigurationList;
			buildConfigurations = (
				49FF15B8261DFF6900AB1B9C /* Debug */,
				49FF15B9261DFF6900AB1B9C /* Release */,
			);
			defaultConfigurationIsVisible = 0;
			defaultConfigurationName = Release;
		};
/* End XCConfigurationList section */
	};
	rootObject = 49FF159B261DFF6800AB1B9C /* Project object */;
}
